
Microsoft Visual Studio Solution File, Format Version 12.00
# Visual Studio Version 17
VisualStudioVersion = 17.7.34221.43
MinimumVisualStudioVersion = 10.0.40219.1
Project("{FAE04EC0-301F-11D3-BF4B-00C04F79EFBC}") = "coder", "coder\coder.csproj", "{C4845676-1034-44E2-9149-D3763C2606F4}"
EndProject
Global
	GlobalSection(SolutionConfigurationPlatforms) = preSolution
		Debug|Any CPU = Debug|Any CPU
		Release|Any CPU = Release|Any CPU
	EndGlobalSection
	GlobalSection(ProjectConfigurationPlatforms) = postSolution
		{C4845676-1034-44E2-9149-D3763C2606F4}.Debug|Any CPU.ActiveCfg = Debug|Any CPU
		{C4845676-1034-44E2-9149-D3763C2606F4}.Debug|Any CPU.Build.0 = Debug|Any CPU
		{C4845676-1034-44E2-9149-D3763C2606F4}.Release|Any CPU.ActiveCfg = Release|Any CPU
		{C4845676-1034-44E2-9149-D3763C2606F4}.Release|Any CPU.Build.0 = Release|Any CPU
	EndGlobalSection
	GlobalSection(SolutionProperties) = preSolution
		HideSolutionNode = FALSE
	EndGlobalSection
	GlobalSection(ExtensibilityGlobals) = postSolution
		SolutionGuid = {A34FFF47-C197-43DA-8778-61CA0236CE99}
	EndGlobalSection
EndGlobal
